
Microsoft Visual Studio Solution File, Format Version 12.00
# Visual Studio 15
VisualStudioVersion = 15.0.28010.2019
MinimumVisualStudioVersion = 10.0.40219.1
Project("{9A19103F-16F7-4668-BE54-9A1E7A4F7556}") = "Lottery.RaffleConsole", "Lottery.RaffleConsole\Lottery.RaffleConsole.csproj", "{775C6D1C-572C-416A-91FE-E8E1A9293BB4}"
EndProject
Project("{9A19103F-16F7-4668-BE54-9A1E7A4F7556}") = "Lottery.Data.Model", "Lottery.Data.Model\Lottery.Data.Model.csproj", "{090E6D82-0171-4AFF-96F5-4B723C69C5A1}"
EndProject
Project("{9A19103F-16F7-4668-BE54-9A1E7A4F7556}") = "Lottery.Data", "Lottery.Data\Lottery.Data.csproj", "{59A813D3-0325-40E7-A31F-C50875F831EE}"
EndProject
Project("{9A19103F-16F7-4668-BE54-9A1E7A4F7556}") = "Lottery.Service", "Lottery.Service\Lottery.Service.csproj", "{6A86B66A-2668-4BC2-9BF8-040D2B043056}"
EndProject
Project("{FAE04EC0-301F-11D3-BF4B-00C04F79EFBC}") = "Lottery.Scheduler", "Lottery.Scheduler\Lottery.Scheduler.csproj", "{0B59B2C7-EF87-41D7-A532-503349EB1BC2}"
EndProject
Global
	GlobalSection(SolutionConfigurationPlatforms) = preSolution
		Debug|Any CPU = Debug|Any CPU
		Release|Any CPU = Release|Any CPU
	EndGlobalSection
	GlobalSection(ProjectConfigurationPlatforms) = postSolution
		{775C6D1C-572C-416A-91FE-E8E1A9293BB4}.Debug|Any CPU.ActiveCfg = Debug|Any CPU
		{775C6D1C-572C-416A-91FE-E8E1A9293BB4}.Debug|Any CPU.Build.0 = Debug|Any CPU
		{775C6D1C-572C-416A-91FE-E8E1A9293BB4}.Release|Any CPU.ActiveCfg = Release|Any CPU
		{775C6D1C-572C-416A-91FE-E8E1A9293BB4}.Release|Any CPU.Build.0 = Release|Any CPU
		{090E6D82-0171-4AFF-96F5-4B723C69C5A1}.Debug|Any CPU.ActiveCfg = Debug|Any CPU
		{090E6D82-0171-4AFF-96F5-4B723C69C5A1}.Debug|Any CPU.Build.0 = Debug|Any CPU
		{090E6D82-0171-4AFF-96F5-4B723C69C5A1}.Release|Any CPU.ActiveCfg = Release|Any CPU
		{090E6D82-0171-4AFF-96F5-4B723C69C5A1}.Release|Any CPU.Build.0 = Release|Any CPU
		{59A813D3-0325-40E7-A31F-C50875F831EE}.Debug|Any CPU.ActiveCfg = Debug|Any CPU
		{59A813D3-0325-40E7-A31F-C50875F831EE}.Debug|Any CPU.Build.0 = Debug|Any CPU
		{59A813D3-0325-40E7-A31F-C50875F831EE}.Release|Any CPU.ActiveCfg = Release|Any CPU
		{59A813D3-0325-40E7-A31F-C50875F831EE}.Release|Any CPU.Build.0 = Release|Any CPU
		{6A86B66A-2668-4BC2-9BF8-040D2B043056}.Debug|Any CPU.ActiveCfg = Debug|Any CPU
		{6A86B66A-2668-4BC2-9BF8-040D2B043056}.Debug|Any CPU.Build.0 = Debug|Any CPU
		{6A86B66A-2668-4BC2-9BF8-040D2B043056}.Release|Any CPU.ActiveCfg = Release|Any CPU
		{6A86B66A-2668-4BC2-9BF8-040D2B043056}.Release|Any CPU.Build.0 = Release|Any CPU
		{0B59B2C7-EF87-41D7-A532-503349EB1BC2}.Debug|Any CPU.ActiveCfg = Debug|Any CPU
		{0B59B2C7-EF87-41D7-A532-503349EB1BC2}.Debug|Any CPU.Build.0 = Debug|Any CPU
		{0B59B2C7-EF87-41D7-A532-503349EB1BC2}.Release|Any CPU.ActiveCfg = Release|Any CPU
		{0B59B2C7-EF87-41D7-A532-503349EB1BC2}.Release|Any CPU.Build.0 = Release|Any CPU
	EndGlobalSection
	GlobalSection(SolutionProperties) = preSolution
		HideSolutionNode = FALSE
	EndGlobalSection
	GlobalSection(ExtensibilityGlobals) = postSolution
		SolutionGuid = {5145C23C-2BC1-40E3-A24F-B12E7A22234A}
	EndGlobalSection
EndGlobal
